
Microsoft Visual Studio Solution File, Format Version 12.00
Project("{FAE04EC0-301F-11D3-BF4B-00C04F79EFBC}") = "ConsoleApp", "ConsoleApp\ConsoleApp.csproj", "{DD6D3965-1F9D-4CB7-ADB4-358631469167}"
EndProject
Project("{FAE04EC0-301F-11D3-BF4B-00C04F79EFBC}") = "ClassLibrary", "ClassLibrary\ClassLibrary.csproj", "{C4E96E80-E39C-4D51-A390-2B571ACFB228}"
EndProject
Global
	GlobalSection(SolutionConfigurationPlatforms) = preSolution
		Debug|Any CPU = Debug|Any CPU
		Release|Any CPU = Release|Any CPU
	EndGlobalSection
	GlobalSection(ProjectConfigurationPlatforms) = postSolution
		{DD6D3965-1F9D-4CB7-ADB4-358631469167}.Debug|Any CPU.ActiveCfg = Debug|Any CPU
		{DD6D3965-1F9D-4CB7-ADB4-358631469167}.Debug|Any CPU.Build.0 = Debug|Any CPU
		{DD6D3965-1F9D-4CB7-ADB4-358631469167}.Release|Any CPU.ActiveCfg = Release|Any CPU
		{DD6D3965-1F9D-4CB7-ADB4-358631469167}.Release|Any CPU.Build.0 = Release|Any CPU
		{C4E96E80-E39C-4D51-A390-2B571ACFB228}.Debug|Any CPU.ActiveCfg = Debug|Any CPU
		{C4E96E80-E39C-4D51-A390-2B571ACFB228}.Debug|Any CPU.Build.0 = Debug|Any CPU
		{C4E96E80-E39C-4D51-A390-2B571ACFB228}.Release|Any CPU.ActiveCfg = Release|Any CPU
		{C4E96E80-E39C-4D51-A390-2B571ACFB228}.Release|Any CPU.Build.0 = Release|Any CPU
	EndGlobalSection
EndGlobal
